
Microsoft Visual Studio Solution File, Format Version 12.00
# Visual Studio Version 17
VisualStudioVersion = 17.0.31903.59
MinimumVisualStudioVersion = 10.0.40219.1
Project("{2150E333-8FDC-42A3-9474-1A3956D46DE8}") = "src", "src", "{5E42FA5B-2FEC-4B85-B0A8-E9F1A1CB8D7B}"
EndProject
Project("{F2A71F9B-5D33-465A-A702-920D77279786}") = "FSharp.ATProto.Syntax", "src\FSharp.ATProto.Syntax\FSharp.ATProto.Syntax.fsproj", "{32420A0B-456A-4AA2-8704-6396101E59D1}"
EndProject
Project("{2150E333-8FDC-42A3-9474-1A3956D46DE8}") = "tests", "tests", "{BF50B594-69D3-45F0-A75D-59D0D93D7693}"
EndProject
Project("{F2A71F9B-5D33-465A-A702-920D77279786}") = "FSharp.ATProto.Syntax.Tests", "tests\FSharp.ATProto.Syntax.Tests\FSharp.ATProto.Syntax.Tests.fsproj", "{ED50F199-F7F3-45DB-BF0A-6BF43FACD81C}"
EndProject
Project("{F2A71F9B-5D33-465A-A702-920D77279786}") = "FSharp.ATProto.DRISL", "src\FSharp.ATProto.DRISL\FSharp.ATProto.DRISL.fsproj", "{858BEDB1-40A9-48B8-9721-8F6362C8087B}"
EndProject
Project("{F2A71F9B-5D33-465A-A702-920D77279786}") = "FSharp.ATProto.DRISL.Tests", "tests\FSharp.ATProto.DRISL.Tests\FSharp.ATProto.DRISL.Tests.fsproj", "{9DAA8304-47F1-49B7-AFFC-4286524FB4B2}"
EndProject
Project("{F2A71F9B-5D33-465A-A702-920D77279786}") = "FSharp.ATProto.Lexicon", "src\FSharp.ATProto.Lexicon\FSharp.ATProto.Lexicon.fsproj", "{74FD6AB6-AE52-418F-B938-FEACFDA30F4C}"
EndProject
Project("{F2A71F9B-5D33-465A-A702-920D77279786}") = "FSharp.ATProto.Lexicon.Tests", "tests\FSharp.ATProto.Lexicon.Tests\FSharp.ATProto.Lexicon.Tests.fsproj", "{1D5474B1-E701-43C7-97E1-66E578CA54E2}"
EndProject
Global
	GlobalSection(SolutionConfigurationPlatforms) = preSolution
		Debug|Any CPU = Debug|Any CPU
		Debug|x64 = Debug|x64
		Debug|x86 = Debug|x86
		Release|Any CPU = Release|Any CPU
		Release|x64 = Release|x64
		Release|x86 = Release|x86
	EndGlobalSection
	GlobalSection(ProjectConfigurationPlatforms) = postSolution
		{32420A0B-456A-4AA2-8704-6396101E59D1}.Debug|Any CPU.ActiveCfg = Debug|Any CPU
		{32420A0B-456A-4AA2-8704-6396101E59D1}.Debug|Any CPU.Build.0 = Debug|Any CPU
		{32420A0B-456A-4AA2-8704-6396101E59D1}.Debug|x64.ActiveCfg = Debug|Any CPU
		{32420A0B-456A-4AA2-8704-6396101E59D1}.Debug|x64.Build.0 = Debug|Any CPU
		{32420A0B-456A-4AA2-8704-6396101E59D1}.Debug|x86.ActiveCfg = Debug|Any CPU
		{32420A0B-456A-4AA2-8704-6396101E59D1}.Debug|x86.Build.0 = Debug|Any CPU
		{32420A0B-456A-4AA2-8704-6396101E59D1}.Release|Any CPU.ActiveCfg = Release|Any CPU
		{32420A0B-456A-4AA2-8704-6396101E59D1}.Release|Any CPU.Build.0 = Release|Any CPU
		{32420A0B-456A-4AA2-8704-6396101E59D1}.Release|x64.ActiveCfg = Release|Any CPU
		{32420A0B-456A-4AA2-8704-6396101E59D1}.Release|x64.Build.0 = Release|Any CPU
		{32420A0B-456A-4AA2-8704-6396101E59D1}.Release|x86.ActiveCfg = Release|Any CPU
		{32420A0B-456A-4AA2-8704-6396101E59D1}.Release|x86.Build.0 = Release|Any CPU
		{ED50F199-F7F3-45DB-BF0A-6BF43FACD81C}.Debug|Any CPU.ActiveCfg = Debug|Any CPU
		{ED50F199-F7F3-45DB-BF0A-6BF43FACD81C}.Debug|Any CPU.Build.0 = Debug|Any CPU
		{ED50F199-F7F3-45DB-BF0A-6BF43FACD81C}.Debug|x64.ActiveCfg = Debug|Any CPU
		{ED50F199-F7F3-45DB-BF0A-6BF43FACD81C}.Debug|x64.Build.0 = Debug|Any CPU
		{ED50F199-F7F3-45DB-BF0A-6BF43FACD81C}.Debug|x86.ActiveCfg = Debug|Any CPU
		{ED50F199-F7F3-45DB-BF0A-6BF43FACD81C}.Debug|x86.Build.0 = Debug|Any CPU
		{ED50F199-F7F3-45DB-BF0A-6BF43FACD81C}.Release|Any CPU.ActiveCfg = Release|Any CPU
		{ED50F199-F7F3-45DB-BF0A-6BF43FACD81C}.Release|Any CPU.Build.0 = Release|Any CPU
		{ED50F199-F7F3-45DB-BF0A-6BF43FACD81C}.Release|x64.ActiveCfg = Release|Any CPU
		{ED50F199-F7F3-45DB-BF0A-6BF43FACD81C}.Release|x64.Build.0 = Release|Any CPU
		{ED50F199-F7F3-45DB-BF0A-6BF43FACD81C}.Release|x86.ActiveCfg = Release|Any CPU
		{ED50F199-F7F3-45DB-BF0A-6BF43FACD81C}.Release|x86.Build.0 = Release|Any CPU
		{858BEDB1-40A9-48B8-9721-8F6362C8087B}.Debug|Any CPU.ActiveCfg = Debug|Any CPU
		{858BEDB1-40A9-48B8-9721-8F6362C8087B}.Debug|Any CPU.Build.0 = Debug|Any CPU
		{858BEDB1-40A9-48B8-9721-8F6362C8087B}.Debug|x64.ActiveCfg = Debug|Any CPU
		{858BEDB1-40A9-48B8-9721-8F6362C8087B}.Debug|x64.Build.0 = Debug|Any CPU
		{858BEDB1-40A9-48B8-9721-8F6362C8087B}.Debug|x86.ActiveCfg = Debug|Any CPU
		{858BEDB1-40A9-48B8-9721-8F6362C8087B}.Debug|x86.Build.0 = Debug|Any CPU
		{858BEDB1-40A9-48B8-9721-8F6362C8087B}.Release|Any CPU.ActiveCfg = Release|Any CPU
		{858BEDB1-40A9-48B8-9721-8F6362C8087B}.Release|Any CPU.Build.0 = Release|Any CPU
		{858BEDB1-40A9-48B8-9721-8F6362C8087B}.Release|x64.ActiveCfg = Release|Any CPU
		{858BEDB1-40A9-48B8-9721-8F6362C8087B}.Release|x64.Build.0 = Release|Any CPU
		{858BEDB1-40A9-48B8-9721-8F6362C8087B}.Release|x86.ActiveCfg = Release|Any CPU
		{858BEDB1-40A9-48B8-9721-8F6362C8087B}.Release|x86.Build.0 = Release|Any CPU
		{9DAA8304-47F1-49B7-AFFC-4286524FB4B2}.Debug|Any CPU.ActiveCfg = Debug|Any CPU
		{9DAA8304-47F1-49B7-AFFC-4286524FB4B2}.Debug|Any CPU.Build.0 = Debug|Any CPU
		{9DAA8304-47F1-49B7-AFFC-4286524FB4B2}.Debug|x64.ActiveCfg = Debug|Any CPU
		{9DAA8304-47F1-49B7-AFFC-4286524FB4B2}.Debug|x64.Build.0 = Debug|Any CPU
		{9DAA8304-47F1-49B7-AFFC-4286524FB4B2}.Debug|x86.ActiveCfg = Debug|Any CPU
		{9DAA8304-47F1-49B7-AFFC-4286524FB4B2}.Debug|x86.Build.0 = Debug|Any CPU
		{9DAA8304-47F1-49B7-AFFC-4286524FB4B2}.Release|Any CPU.ActiveCfg = Release|Any CPU
		{9DAA8304-47F1-49B7-AFFC-4286524FB4B2}.Release|Any CPU.Build.0 = Release|Any CPU
		{9DAA8304-47F1-49B7-AFFC-4286524FB4B2}.Release|x64.ActiveCfg = Release|Any CPU
		{9DAA8304-47F1-49B7-AFFC-4286524FB4B2}.Release|x64.Build.0 = Release|Any CPU
		{9DAA8304-47F1-49B7-AFFC-4286524FB4B2}.Release|x86.ActiveCfg = Release|Any CPU
		{9DAA8304-47F1-49B7-AFFC-4286524FB4B2}.Release|x86.Build.0 = Release|Any CPU
		{74FD6AB6-AE52-418F-B938-FEACFDA30F4C}.Debug|Any CPU.ActiveCfg = Debug|Any CPU
		{74FD6AB6-AE52-418F-B938-FEACFDA30F4C}.Debug|Any CPU.Build.0 = Debug|Any CPU
		{74FD6AB6-AE52-418F-B938-FEACFDA30F4C}.Debug|x64.ActiveCfg = Debug|Any CPU
		{74FD6AB6-AE52-418F-B938-FEACFDA30F4C}.Debug|x64.Build.0 = Debug|Any CPU
		{74FD6AB6-AE52-418F-B938-FEACFDA30F4C}.Debug|x86.ActiveCfg = Debug|Any CPU
		{74FD6AB6-AE52-418F-B938-FEACFDA30F4C}.Debug|x86.Build.0 = Debug|Any CPU
		{74FD6AB6-AE52-418F-B938-FEACFDA30F4C}.Release|Any CPU.ActiveCfg = Release|Any CPU
		{74FD6AB6-AE52-418F-B938-FEACFDA30F4C}.Release|Any CPU.Build.0 = Release|Any CPU
		{74FD6AB6-AE52-418F-B938-FEACFDA30F4C}.Release|x64.ActiveCfg = Release|Any CPU
		{74FD6AB6-AE52-418F-B938-FEACFDA30F4C}.Release|x64.Build.0 = Release|Any CPU
		{74FD6AB6-AE52-418F-B938-FEACFDA30F4C}.Release|x86.ActiveCfg = Release|Any CPU
		{74FD6AB6-AE52-418F-B938-FEACFDA30F4C}.Release|x86.Build.0 = Release|Any CPU
		{1D5474B1-E701-43C7-97E1-66E578CA54E2}.Debug|Any CPU.ActiveCfg = Debug|Any CPU
		{1D5474B1-E701-43C7-97E1-66E578CA54E2}.Debug|Any CPU.Build.0 = Debug|Any CPU
		{1D5474B1-E701-43C7-97E1-66E578CA54E2}.Debug|x64.ActiveCfg = Debug|Any CPU
		{1D5474B1-E701-43C7-97E1-66E578CA54E2}.Debug|x64.Build.0 = Debug|Any CPU
		{1D5474B1-E701-43C7-97E1-66E578CA54E2}.Debug|x86.ActiveCfg = Debug|Any CPU
		{1D5474B1-E701-43C7-97E1-66E578CA54E2}.Debug|x86.Build.0 = Debug|Any CPU
		{1D5474B1-E701-43C7-97E1-66E578CA54E2}.Release|Any CPU.ActiveCfg = Release|Any CPU
		{1D5474B1-E701-43C7-97E1-66E578CA54E2}.Release|Any CPU.Build.0 = Release|Any CPU
		{1D5474B1-E701-43C7-97E1-66E578CA54E2}.Release|x64.ActiveCfg = Release|Any CPU
		{1D5474B1-E701-43C7-97E1-66E578CA54E2}.Release|x64.Build.0 = Release|Any CPU
		{1D5474B1-E701-43C7-97E1-66E578CA54E2}.Release|x86.ActiveCfg = Release|Any CPU
		{1D5474B1-E701-43C7-97E1-66E578CA54E2}.Release|x86.Build.0 = Release|Any CPU
	EndGlobalSection
	GlobalSection(SolutionProperties) = preSolution
		HideSolutionNode = FALSE
	EndGlobalSection
	GlobalSection(NestedProjects) = preSolution
		{32420A0B-456A-4AA2-8704-6396101E59D1} = {5E42FA5B-2FEC-4B85-B0A8-E9F1A1CB8D7B}
		{ED50F199-F7F3-45DB-BF0A-6BF43FACD81C} = {BF50B594-69D3-45F0-A75D-59D0D93D7693}
		{858BEDB1-40A9-48B8-9721-8F6362C8087B} = {5E42FA5B-2FEC-4B85-B0A8-E9F1A1CB8D7B}
		{9DAA8304-47F1-49B7-AFFC-4286524FB4B2} = {BF50B594-69D3-45F0-A75D-59D0D93D7693}
		{74FD6AB6-AE52-418F-B938-FEACFDA30F4C} = {5E42FA5B-2FEC-4B85-B0A8-E9F1A1CB8D7B}
		{1D5474B1-E701-43C7-97E1-66E578CA54E2} = {BF50B594-69D3-45F0-A75D-59D0D93D7693}
	EndGlobalSection
EndGlobal
